
Microsoft Visual Studio Solution File, Format Version 12.00
# Visual Studio 15
VisualStudioVersion = 15.0.27130.2036
MinimumVisualStudioVersion = 10.0.40219.1
Project("{FAE04EC0-301F-11D3-BF4B-00C04F79EFBC}") = "ParkingLotExercise", "ParkingLotExercise\ParkingLotExercise.csproj", "{48D39827-F241-41CC-9A7F-CF6AE214AF9F}"
EndProject
Project("{FAE04EC0-301F-11D3-BF4B-00C04F79EFBC}") = "ParkingLotExerciseTests1", "ParkingLotExerciseTests1\ParkingLotExerciseTests1.csproj", "{15AEF136-A4BC-49DD-AE6C-2A38B074D469}"
EndProject
Global
	GlobalSection(SolutionConfigurationPlatforms) = preSolution
		Debug|Any CPU = Debug|Any CPU
		Release|Any CPU = Release|Any CPU
	EndGlobalSection
	GlobalSection(ProjectConfigurationPlatforms) = postSolution
		{48D39827-F241-41CC-9A7F-CF6AE214AF9F}.Debug|Any CPU.ActiveCfg = Debug|Any CPU
		{48D39827-F241-41CC-9A7F-CF6AE214AF9F}.Debug|Any CPU.Build.0 = Debug|Any CPU
		{48D39827-F241-41CC-9A7F-CF6AE214AF9F}.Release|Any CPU.ActiveCfg = Release|Any CPU
		{48D39827-F241-41CC-9A7F-CF6AE214AF9F}.Release|Any CPU.Build.0 = Release|Any CPU
		{15AEF136-A4BC-49DD-AE6C-2A38B074D469}.Debug|Any CPU.ActiveCfg = Debug|Any CPU
		{15AEF136-A4BC-49DD-AE6C-2A38B074D469}.Debug|Any CPU.Build.0 = Debug|Any CPU
		{15AEF136-A4BC-49DD-AE6C-2A38B074D469}.Release|Any CPU.ActiveCfg = Release|Any CPU
		{15AEF136-A4BC-49DD-AE6C-2A38B074D469}.Release|Any CPU.Build.0 = Release|Any CPU
	EndGlobalSection
	GlobalSection(SolutionProperties) = preSolution
		HideSolutionNode = FALSE
	EndGlobalSection
	GlobalSection(ExtensibilityGlobals) = postSolution
		SolutionGuid = {F9C4F6C7-DFD2-46D5-AED3-3BCCFA425E10}
	EndGlobalSection
EndGlobal
